
Microsoft Visual Studio Solution File, Format Version 12.00
# Visual Studio Version 17
VisualStudioVersion = 17.12.35527.113 d17.12
MinimumVisualStudioVersion = 10.0.40219.1
Project("{FAE04EC0-301F-11D3-BF4B-00C04F79EFBC}") = "exercicio8", "exercicio8\exercicio8.csproj", "{AA75BCD0-F061-464A-81ED-3B1507AE1210}"
EndProject
Global
	GlobalSection(SolutionConfigurationPlatforms) = preSolution
		Debug|Any CPU = Debug|Any CPU
		Release|Any CPU = Release|Any CPU
	EndGlobalSection
	GlobalSection(ProjectConfigurationPlatforms) = postSolution
		{AA75BCD0-F061-464A-81ED-3B1507AE1210}.Debug|Any CPU.ActiveCfg = Debug|Any CPU
		{AA75BCD0-F061-464A-81ED-3B1507AE1210}.Debug|Any CPU.Build.0 = Debug|Any CPU
		{AA75BCD0-F061-464A-81ED-3B1507AE1210}.Release|Any CPU.ActiveCfg = Release|Any CPU
		{AA75BCD0-F061-464A-81ED-3B1507AE1210}.Release|Any CPU.Build.0 = Release|Any CPU
	EndGlobalSection
	GlobalSection(SolutionProperties) = preSolution
		HideSolutionNode = FALSE
	EndGlobalSection
EndGlobal
