
Microsoft Visual Studio Solution File, Format Version 12.00
# Visual Studio Version 17
VisualStudioVersion = 17.14.36121.58 d17.14
MinimumVisualStudioVersion = 10.0.40219.1
Project("{FAE04EC0-301F-11D3-BF4B-00C04F79EFBC}") = "exercicio10", "exercicio10\exercicio10.csproj", "{3F6DDEDC-ADF3-4546-A05C-278ECF5AB9C1}"
EndProject
Global
	GlobalSection(SolutionConfigurationPlatforms) = preSolution
		Debug|Any CPU = Debug|Any CPU
		Release|Any CPU = Release|Any CPU
	EndGlobalSection
	GlobalSection(ProjectConfigurationPlatforms) = postSolution
		{3F6DDEDC-ADF3-4546-A05C-278ECF5AB9C1}.Debug|Any CPU.ActiveCfg = Debug|Any CPU
		{3F6DDEDC-ADF3-4546-A05C-278ECF5AB9C1}.Debug|Any CPU.Build.0 = Debug|Any CPU
		{3F6DDEDC-ADF3-4546-A05C-278ECF5AB9C1}.Release|Any CPU.ActiveCfg = Release|Any CPU
		{3F6DDEDC-ADF3-4546-A05C-278ECF5AB9C1}.Release|Any CPU.Build.0 = Release|Any CPU
	EndGlobalSection
	GlobalSection(SolutionProperties) = preSolution
		HideSolutionNode = FALSE
	EndGlobalSection
	GlobalSection(ExtensibilityGlobals) = postSolution
		SolutionGuid = {1AB9580B-65B6-4A74-8B4F-D00FDC516218}
	EndGlobalSection
EndGlobal
